
Microsoft Visual Studio Solution File, Format Version 12.00
Project("{FAE04EC0-301F-11D3-BF4B-00C04F79EFBC}") = "BlogExamples", "BlogExamples\BlogExamples.csproj", "{A2FD5411-3806-4C52-96C2-A8B964DBE970}"
EndProject
Global
	GlobalSection(SolutionConfigurationPlatforms) = preSolution
		Debug|Any CPU = Debug|Any CPU
		Release|Any CPU = Release|Any CPU
	EndGlobalSection
	GlobalSection(ProjectConfigurationPlatforms) = postSolution
		{A2FD5411-3806-4C52-96C2-A8B964DBE970}.Debug|Any CPU.ActiveCfg = Debug|Any CPU
		{A2FD5411-3806-4C52-96C2-A8B964DBE970}.Debug|Any CPU.Build.0 = Debug|Any CPU
		{A2FD5411-3806-4C52-96C2-A8B964DBE970}.Release|Any CPU.ActiveCfg = Release|Any CPU
		{A2FD5411-3806-4C52-96C2-A8B964DBE970}.Release|Any CPU.Build.0 = Release|Any CPU
	EndGlobalSection
EndGlobal
